PODS:
  - RxSwift (6.0.0-rc.2)
  - SwiftLint (0.31.0)

DEPENDENCIES:
  - RxSwift (= 6.0.0-rc.2)
  - SwiftLint

SPEC REPOS:
  https://github.com/CocoaPods/Specs.git:
    - SwiftLint
  trunk:
    - RxSwift

SPEC CHECKSUMS:
  RxSwift: ada35be6643bedf6881cdbd6bbfb27aeea527670
  SwiftLint: 7a0227733d786395817373b2d0ca799fd0093ff3

PODFILE CHECKSUM: 28be815c86b5a7a413a10ab60b61a0b977776a3d

COCOAPODS: 1.8.4
