// !$*UTF8*$!
{
	archiveVersion = 1;
	classes = {
	};
	objectVersion = 51;
	objects = {

/* Begin PBXBuildFile section */
		1B0D56B156D33BC6C61DBD27 /* Pods_Studs.framework in Frameworks */ = {isa = PBXBuildFile; fileRef = 411C646ACD8CBCC62B74A8E0 /* Pods_Studs.framework */; };
		211E49F625F00B41007A497D /* UITableCellHoster.swift in Sources */ = {isa = PBXBuildFile; fileRef = 211E49F525F00B41007A497D /* UITableCellHoster.swift */; };
		211E49FF25F16393007A497D /* WidgetKit.framework in Frameworks */ = {isa = PBXBuildFile; fileRef = 211E49FE25F16393007A497D /* WidgetKit.framework */; };
		211E4A0125F16393007A497D /* SwiftUI.framework in Frameworks */ = {isa = PBXBuildFile; fileRef = 211E4A0025F16393007A497D /* SwiftUI.framework */; };
		211E4A0425F16393007A497D /* StudsWidget.swift in Sources */ = {isa = PBXBuildFile; fileRef = 211E4A0325F16393007A497D /* StudsWidget.swift */; };
		211E4A0725F16395007A497D /* Assets.xcassets in Resources */ = {isa = PBXBuildFile; fileRef = 211E4A0625F16395007A497D /* Assets.xcassets */; };
		211E4A0D25F16395007A497D /* StudsWidgetExtension.appex in Embed App Extensions */ = {isa = PBXBuildFile; fileRef = 211E49FD25F16393007A497D /* StudsWidgetExtension.appex */; settings = {ATTRIBUTES = (RemoveHeadersOnCopy, ); }; };
		211E4A1625F16BFB007A497D /* StudsDataModel.xcdatamodeld in Sources */ = {isa = PBXBuildFile; fileRef = 211E4A1425F16BFB007A497D /* StudsDataModel.xcdatamodeld */; };
		211E4A1925F16C07007A497D /* StudsDataModel.xcdatamodeld in Sources */ = {isa = PBXBuildFile; fileRef = 211E4A1425F16BFB007A497D /* StudsDataModel.xcdatamodeld */; };
		212E4AE226131993008B070E /* Date+Studs.swift in Sources */ = {isa = PBXBuildFile; fileRef = 212E4AE126131993008B070E /* Date+Studs.swift */; };
		212E4AE526131B09008B070E /* Date+Studs.swift in Sources */ = {isa = PBXBuildFile; fileRef = 212E4AE126131993008B070E /* Date+Studs.swift */; };
		212E4AF22613250D008B070E /* HappeningsMainView.storyboard in Resources */ = {isa = PBXBuildFile; fileRef = 212E4AF12613250D008B070E /* HappeningsMainView.storyboard */; };
		212E4AF62613251A008B070E /* HappeningsMainVC.swift in Sources */ = {isa = PBXBuildFile; fileRef = 212E4AF52613251A008B070E /* HappeningsMainVC.swift */; };
		212E4AFA261364BA008B070E /* Happening.swift in Sources */ = {isa = PBXBuildFile; fileRef = 212E4AF9261364BA008B070E /* Happening.swift */; };
		212E4AFE261369A5008B070E /* GeoJSON.swift in Sources */ = {isa = PBXBuildFile; fileRef = 212E4AFD261369A5008B070E /* GeoJSON.swift */; };
		212E4B0726136D08008B070E /* Happening.swift in Sources */ = {isa = PBXBuildFile; fileRef = 212E4AF9261364BA008B070E /* Happening.swift */; };
		212E4B0A26136D13008B070E /* GeoJSON.swift in Sources */ = {isa = PBXBuildFile; fileRef = 212E4AFD261369A5008B070E /* GeoJSON.swift */; };
		212E4B0E26136E22008B070E /* MapSubview.swift in Sources */ = {isa = PBXBuildFile; fileRef = 212E4B0D26136E22008B070E /* MapSubview.swift */; };
		212E4B1226136E3D008B070E /* HappeningsSubview.swift in Sources */ = {isa = PBXBuildFile; fileRef = 212E4B1126136E3D008B070E /* HappeningsSubview.swift */; };
		212E4B1626136ED8008B070E /* ListSubview.swift in Sources */ = {isa = PBXBuildFile; fileRef = 212E4B1526136ED8008B070E /* ListSubview.swift */; };
		212E4B1A2613A515008B070E /* MapKit.framework in Frameworks */ = {isa = PBXBuildFile; fileRef = 212E4B192613A515008B070E /* MapKit.framework */; };
		215129C225EE46C500464134 /* EventSection.swift in Sources */ = {isa = PBXBuildFile; fileRef = 215129C125EE46C500464134 /* EventSection.swift */; };
		215129CB25EE530B00464134 /* EventTableCardViewCell.swift in Sources */ = {isa = PBXBuildFile; fileRef = 215129CA25EE530B00464134 /* EventTableCardViewCell.swift */; };
		215129CE25EE9A9200464134 /* Image+Studs.swift in Sources */ = {isa = PBXBuildFile; fileRef = 215129CD25EE9A9200464134 /* Image+Studs.swift */; };
		2175BF87258661C6001556FC /* Profile.storyboard in Resources */ = {isa = PBXBuildFile; fileRef = 2175BF86258661C6001556FC /* Profile.storyboard */; };
		2175BF8B2586634B001556FC /* ProfileVC.swift in Sources */ = {isa = PBXBuildFile; fileRef = 2175BF8A2586634B001556FC /* ProfileVC.swift */; };
		2175BF902586664B001556FC /* GraphQLFields.swift in Sources */ = {isa = PBXBuildFile; fileRef = 2175BF8F2586664B001556FC /* GraphQLFields.swift */; };
		2175BF9525866C4C001556FC /* Company.swift in Sources */ = {isa = PBXBuildFile; fileRef = 2175BF9425866C4C001556FC /* Company.swift */; };
		2175BF9925866C52001556FC /* User.swift in Sources */ = {isa = PBXBuildFile; fileRef = 2175BF9825866C52001556FC /* User.swift */; };
		2175BF9C2587B32E001556FC /* GraphQLResponse.swift in Sources */ = {isa = PBXBuildFile; fileRef = 2175BF9B2587B32E001556FC /* GraphQLResponse.swift */; };
		2175BFB62588D269001556FC /* UIImage+Studs.swift in Sources */ = {isa = PBXBuildFile; fileRef = 2175BFB52588D269001556FC /* UIImage+Studs.swift */; };
		217FE32225FA29860005713D /* UserDefaults+Studs.swift in Sources */ = {isa = PBXBuildFile; fileRef = 217FE32125FA29860005713D /* UserDefaults+Studs.swift */; };
		217FE32525FA2A2C0005713D /* UserDefaults+Studs.swift in Sources */ = {isa = PBXBuildFile; fileRef = 217FE32125FA29860005713D /* UserDefaults+Studs.swift */; };
		21B8175025FABA4100D78E3E /* LaunchScreen.storyboard in Resources */ = {isa = PBXBuildFile; fileRef = 21B8175225FABA4100D78E3E /* LaunchScreen.storyboard */; };
		21B8175825FABA7600D78E3E /* StudsWidget.intentdefinition in Sources */ = {isa = PBXBuildFile; fileRef = 21B8175B25FABA7600D78E3E /* StudsWidget.intentdefinition */; };
		21B8175925FABA7600D78E3E /* StudsWidget.intentdefinition in Sources */ = {isa = PBXBuildFile; fileRef = 21B8175B25FABA7600D78E3E /* StudsWidget.intentdefinition */; };
		21E0F85425F18C070057DEB1 /* Image+Studs.swift in Sources */ = {isa = PBXBuildFile; fileRef = 215129CD25EE9A9200464134 /* Image+Studs.swift */; };
		21E0F85725F18C3B0057DEB1 /* Assets.xcassets in Resources */ = {isa = PBXBuildFile; fileRef = 8E3782F92183B982004F083F /* Assets.xcassets */; };
		21E5B1B925F1762B00DC3BD8 /* Http.swift in Sources */ = {isa = PBXBuildFile; fileRef = 8EAC48802184F23C00BB36A2 /* Http.swift */; };
		21E5B1BC25F1762E00DC3BD8 /* GraphQLFields.swift in Sources */ = {isa = PBXBuildFile; fileRef = 2175BF8F2586664B001556FC /* GraphQLFields.swift */; };
		21E5B1C025F1763300DC3BD8 /* Event.swift in Sources */ = {isa = PBXBuildFile; fileRef = 8EAC487D2184F00B00BB36A2 /* Event.swift */; };
		21E5B1C125F1763300DC3BD8 /* User.swift in Sources */ = {isa = PBXBuildFile; fileRef = 2175BF9825866C52001556FC /* User.swift */; };
		21E5B1C225F1763300DC3BD8 /* GraphQLResponse.swift in Sources */ = {isa = PBXBuildFile; fileRef = 2175BF9B2587B32E001556FC /* GraphQLResponse.swift */; };
		21E5B1C325F1763300DC3BD8 /* Company.swift in Sources */ = {isa = PBXBuildFile; fileRef = 2175BF9425866C4C001556FC /* Company.swift */; };
		21E5B1DB25F177FD00DC3BD8 /* UserManager.swift in Sources */ = {isa = PBXBuildFile; fileRef = 8B8FC9E122301374000C7796 /* UserManager.swift */; };
		21E5B1DE25F1782300DC3BD8 /* Login.swift in Sources */ = {isa = PBXBuildFile; fileRef = 8B1440B32221831100AE767B /* Login.swift */; };
		21E5B20F25F1875000DC3BD8 /* WidgetView.swift in Sources */ = {isa = PBXBuildFile; fileRef = 21E5B20725F1870600DC3BD8 /* WidgetView.swift */; };
		21FBF805258D057C00B3A3ED /* PublicEventsViewModel.swift in Sources */ = {isa = PBXBuildFile; fileRef = 21FBF804258D057C00B3A3ED /* PublicEventsViewModel.swift */; };
		21FBF808258D059500B3A3ED /* EventsViewModel.swift in Sources */ = {isa = PBXBuildFile; fileRef = 21FBF807258D059500B3A3ED /* EventsViewModel.swift */; };
		31FE112A0A2845F80DC2E520 /* (null) in Frameworks */ = {isa = PBXBuildFile; };
		8B1440AB22202F0E00AE767B /* EventCellViewModel.swift in Sources */ = {isa = PBXBuildFile; fileRef = 8B1440AA22202F0E00AE767B /* EventCellViewModel.swift */; };
		8B1440AD2220322400AE767B /* PrivateEventsViewModel.swift in Sources */ = {isa = PBXBuildFile; fileRef = 8B1440AC2220322400AE767B /* PrivateEventsViewModel.swift */; };
		8B1440AF2221772D00AE767B /* LoginView.storyboard in Resources */ = {isa = PBXBuildFile; fileRef = 8B1440AE2221772D00AE767B /* LoginView.storyboard */; };
		8B1440B12221779C00AE767B /* LoginViewController.swift in Sources */ = {isa = PBXBuildFile; fileRef = 8B1440B02221779C00AE767B /* LoginViewController.swift */; };
		8B1440B42221831100AE767B /* Login.swift in Sources */ = {isa = PBXBuildFile; fileRef = 8B1440B32221831100AE767B /* Login.swift */; };
		8B1440B6222183EB00AE767B /* LoginViewModel.swift in Sources */ = {isa = PBXBuildFile; fileRef = 8B1440B5222183EB00AE767B /* LoginViewModel.swift */; };
		8B3936BD222C64700032442F /* StudsButton.swift in Sources */ = {isa = PBXBuildFile; fileRef = 8B3936BC222C646F0032442F /* StudsButton.swift */; };
		8B63A3DB2210CD670098909F /* EventTableViewCell.swift in Sources */ = {isa = PBXBuildFile; fileRef = 8B63A3DA2210CD670098909F /* EventTableViewCell.swift */; };
		8B8FC9E222301374000C7796 /* UserManager.swift in Sources */ = {isa = PBXBuildFile; fileRef = 8B8FC9E122301374000C7796 /* UserManager.swift */; };
		8BA00BD3221C08D70042351B /* EventDetailView.storyboard in Resources */ = {isa = PBXBuildFile; fileRef = 8BA00BD2221C08D70042351B /* EventDetailView.storyboard */; };
		8BA9D4A422AD9FFA00EEEB7E /* UIImageView+Studs.swift in Sources */ = {isa = PBXBuildFile; fileRef = 8BA9D4A322AD9FFA00EEEB7E /* UIImageView+Studs.swift */; };
		8BFE07DB2219C97000EFDD3B /* EventDetailViewController.swift in Sources */ = {isa = PBXBuildFile; fileRef = 8BFE07DA2219C97000EFDD3B /* EventDetailViewController.swift */; };
		8E3782F32183B981004F083F /* AppDelegate.swift in Sources */ = {isa = PBXBuildFile; fileRef = 8E3782F22183B981004F083F /* AppDelegate.swift */; };
		8E3782FA2183B982004F083F /* Assets.xcassets in Resources */ = {isa = PBXBuildFile; fileRef = 8E3782F92183B982004F083F /* Assets.xcassets */; };
		8E3783062183BB70004F083F /* UIColor+Studs.swift in Sources */ = {isa = PBXBuildFile; fileRef = 8E3783052183BB70004F083F /* UIColor+Studs.swift */; };
		8E3783082183C3CF004F083F /* UIViewController+Studs.swift in Sources */ = {isa = PBXBuildFile; fileRef = 8E3783072183C3CF004F083F /* UIViewController+Studs.swift */; };
		8E37830A2183C3F8004F083F /* UIStoryboard+Studs.swift in Sources */ = {isa = PBXBuildFile; fileRef = 8E3783092183C3F8004F083F /* UIStoryboard+Studs.swift */; };
		8E37830E2183C4EF004F083F /* ForgotPasswordView.storyboard in Resources */ = {isa = PBXBuildFile; fileRef = 8E37830D2183C4EF004F083F /* ForgotPasswordView.storyboard */; };
		8E3783102183C507004F083F /* ForgotPasswordViewController.swift in Sources */ = {isa = PBXBuildFile; fileRef = 8E37830F2183C507004F083F /* ForgotPasswordViewController.swift */; };
		8EA6415A2184A1D300A138EB /* EventsView.storyboard in Resources */ = {isa = PBXBuildFile; fileRef = 8EA641592184A1D300A138EB /* EventsView.storyboard */; };
		8EA6415C2184A1E000A138EB /* EventsViewController.swift in Sources */ = {isa = PBXBuildFile; fileRef = 8EA6415B2184A1E000A138EB /* EventsViewController.swift */; };
		8EA6415E2184A3EE00A138EB /* Extensions+Studs.swift in Sources */ = {isa = PBXBuildFile; fileRef = 8EA6415D2184A3EE00A138EB /* Extensions+Studs.swift */; };
		8EAC487B2184EB1B00BB36A2 /* StudsViewController.swift in Sources */ = {isa = PBXBuildFile; fileRef = 8EAC487A2184EB1B00BB36A2 /* StudsViewController.swift */; };
		8EAC487E2184F00B00BB36A2 /* Event.swift in Sources */ = {isa = PBXBuildFile; fileRef = 8EAC487D2184F00B00BB36A2 /* Event.swift */; };
		8EAC48812184F23C00BB36A2 /* Http.swift in Sources */ = {isa = PBXBuildFile; fileRef = 8EAC48802184F23C00BB36A2 /* Http.swift */; };
		FEBD1777AEC94B51BDEF75E7 /* Pods_StudsWidgetExtension.framework in Frameworks */ = {isa = PBXBuildFile; fileRef = 82E0B1C3F6BEE22DCE3E6D08 /* Pods_StudsWidgetExtension.framework */; };
/* End PBXBuildFile section */

/* Begin PBXContainerItemProxy section */
		211E4A0B25F16395007A497D /* PBXContainerItemProxy */ = {
			isa = PBXContainerItemProxy;
			containerPortal = 8E3782E72183B981004F083F /* Project object */;
			proxyType = 1;
			remoteGlobalIDString = 211E49FC25F16393007A497D;
			remoteInfo = StudsWidgetExtension;
		};
/* End PBXContainerItemProxy section */

/* Begin PBXCopyFilesBuildPhase section */
		211E4A1125F16395007A497D /* Embed App Extensions */ = {
			isa = PBXCopyFilesBuildPhase;
			buildActionMask = 12;
			dstPath = "";
			dstSubfolderSpec = 13;
			files = (
				211E4A0D25F16395007A497D /* StudsWidgetExtension.appex in Embed App Extensions */,
			);
			name = "Embed App Extensions";
			runOnlyForDeploymentPostprocessing = 0;
		};
/* End PBXCopyFilesBuildPhase section */

/* Begin PBXFileReference section */
		211E49F525F00B41007A497D /* UITableCellHoster.swift */ = {isa = PBXFileReference; lastKnownFileType = sourcecode.swift; path = UITableCellHoster.swift; sourceTree = "<group>"; };
		211E49FD25F16393007A497D /* StudsWidgetExtension.appex */ = {isa = PBXFileReference; explicitFileType = "wrapper.app-extension"; includeInIndex = 0; path = StudsWidgetExtension.appex; sourceTree = BUILT_PRODUCTS_DIR; };
		211E49FE25F16393007A497D /* WidgetKit.framework */ = {isa = PBXFileReference; lastKnownFileType = wrapper.framework; name = WidgetKit.framework; path = System/Library/Frameworks/WidgetKit.framework; sourceTree = SDKROOT; };
		211E4A0025F16393007A497D /* SwiftUI.framework */ = {isa = PBXFileReference; lastKnownFileType = wrapper.framework; name = SwiftUI.framework; path = System/Library/Frameworks/SwiftUI.framework; sourceTree = SDKROOT; };
		211E4A0325F16393007A497D /* StudsWidget.swift */ = {isa = PBXFileReference; lastKnownFileType = sourcecode.swift; path = StudsWidget.swift; sourceTree = "<group>"; };
		211E4A0625F16395007A497D /* Assets.xcassets */ = {isa = PBXFileReference; lastKnownFileType = folder.assetcatalog; path = Assets.xcassets; sourceTree = "<group>"; };
		211E4A0825F16395007A497D /* Info.plist */ = {isa = PBXFileReference; lastKnownFileType = text.plist.xml; path = Info.plist; sourceTree = "<group>"; };
		211E4A1525F16BFB007A497D /* StudsDataModel.xcdatamodel */ = {isa = PBXFileReference; lastKnownFileType = wrapper.xcdatamodel; path = StudsDataModel.xcdatamodel; sourceTree = "<group>"; };
		212E4AE126131993008B070E /* Date+Studs.swift */ = {isa = PBXFileReference; lastKnownFileType = sourcecode.swift; path = "Date+Studs.swift"; sourceTree = "<group>"; };
		212E4AE826131CF3008B070E /* StudsWidgetExtension.entitlements */ = {isa = PBXFileReference; lastKnownFileType = text.plist.entitlements; path = StudsWidgetExtension.entitlements; sourceTree = "<group>"; };
		212E4AF12613250D008B070E /* HappeningsMainView.storyboard */ = {isa = PBXFileReference; lastKnownFileType = file.storyboard; path = HappeningsMainView.storyboard; sourceTree = "<group>"; };
		212E4AF52613251A008B070E /* HappeningsMainVC.swift */ = {isa = PBXFileReference; lastKnownFileType = sourcecode.swift; path = HappeningsMainVC.swift; sourceTree = "<group>"; };
		212E4AF9261364BA008B070E /* Happening.swift */ = {isa = PBXFileReference; lastKnownFileType = sourcecode.swift; path = Happening.swift; sourceTree = "<group>"; };
		212E4AFD261369A5008B070E /* GeoJSON.swift */ = {isa = PBXFileReference; lastKnownFileType = sourcecode.swift; path = GeoJSON.swift; sourceTree = "<group>"; };
		212E4B0D26136E22008B070E /* MapSubview.swift */ = {isa = PBXFileReference; lastKnownFileType = sourcecode.swift; path = MapSubview.swift; sourceTree = "<group>"; };
		212E4B1126136E3D008B070E /* HappeningsSubview.swift */ = {isa = PBXFileReference; lastKnownFileType = sourcecode.swift; path = HappeningsSubview.swift; sourceTree = "<group>"; };
		212E4B1526136ED8008B070E /* ListSubview.swift */ = {isa = PBXFileReference; lastKnownFileType = sourcecode.swift; path = ListSubview.swift; sourceTree = "<group>"; };
		212E4B192613A515008B070E /* MapKit.framework */ = {isa = PBXFileReference; lastKnownFileType = wrapper.framework; name = MapKit.framework; path = System/Library/Frameworks/MapKit.framework; sourceTree = SDKROOT; };
		215129C125EE46C500464134 /* EventSection.swift */ = {isa = PBXFileReference; lastKnownFileType = sourcecode.swift; path = EventSection.swift; sourceTree = "<group>"; };
		215129CA25EE530B00464134 /* EventTableCardViewCell.swift */ = {isa = PBXFileReference; lastKnownFileType = sourcecode.swift; path = EventTableCardViewCell.swift; sourceTree = "<group>"; };
		215129CD25EE9A9200464134 /* Image+Studs.swift */ = {isa = PBXFileReference; lastKnownFileType = sourcecode.swift; path = "Image+Studs.swift"; sourceTree = "<group>"; };
		2175BF86258661C6001556FC /* Profile.storyboard */ = {isa = PBXFileReference; lastKnownFileType = file.storyboard; path = Profile.storyboard; sourceTree = "<group>"; };
		2175BF8A2586634B001556FC /* ProfileVC.swift */ = {isa = PBXFileReference; lastKnownFileType = sourcecode.swift; path = ProfileVC.swift; sourceTree = "<group>"; };
		2175BF8F2586664B001556FC /* GraphQLFields.swift */ = {isa = PBXFileReference; lastKnownFileType = sourcecode.swift; path = GraphQLFields.swift; sourceTree = "<group>"; };
		2175BF9425866C4C001556FC /* Company.swift */ = {isa = PBXFileReference; lastKnownFileType = sourcecode.swift; path = Company.swift; sourceTree = "<group>"; };
		2175BF9825866C52001556FC /* User.swift */ = {isa = PBXFileReference; lastKnownFileType = sourcecode.swift; path = User.swift; sourceTree = "<group>"; };
		2175BF9B2587B32E001556FC /* GraphQLResponse.swift */ = {isa = PBXFileReference; lastKnownFileType = sourcecode.swift; path = GraphQLResponse.swift; sourceTree = "<group>"; };
		2175BFB52588D269001556FC /* UIImage+Studs.swift */ = {isa = PBXFileReference; lastKnownFileType = sourcecode.swift; path = "UIImage+Studs.swift"; sourceTree = "<group>"; };
		217FE31E25FA27970005713D /* Studs.entitlements */ = {isa = PBXFileReference; lastKnownFileType = text.plist.entitlements; path = Studs.entitlements; sourceTree = "<group>"; };
		217FE32125FA29860005713D /* UserDefaults+Studs.swift */ = {isa = PBXFileReference; lastKnownFileType = sourcecode.swift; path = "UserDefaults+Studs.swift"; sourceTree = "<group>"; };
		21B8175125FABA4100D78E3E /* Base */ = {isa = PBXFileReference; lastKnownFileType = file.storyboard; name = Base; path = Base.lproj/LaunchScreen.storyboard; sourceTree = "<group>"; };
		21B8175525FABA4B00D78E3E /* sv */ = {isa = PBXFileReference; lastKnownFileType = text.plist.strings; name = sv; path = sv.lproj/LaunchScreen.strings; sourceTree = "<group>"; };
		21B8175A25FABA7600D78E3E /* Base */ = {isa = PBXFileReference; lastKnownFileType = file.intentdefinition; name = Base; path = Base.lproj/StudsWidget.intentdefinition; sourceTree = "<group>"; };
		21B8175F25FABA7A00D78E3E /* sv */ = {isa = PBXFileReference; lastKnownFileType = text.plist.strings; name = sv; path = sv.lproj/StudsWidget.strings; sourceTree = "<group>"; };
		21E5B20725F1870600DC3BD8 /* WidgetView.swift */ = {isa = PBXFileReference; lastKnownFileType = sourcecode.swift; path = WidgetView.swift; sourceTree = "<group>"; };
		21FBF804258D057C00B3A3ED /* PublicEventsViewModel.swift */ = {isa = PBXFileReference; lastKnownFileType = sourcecode.swift; path = PublicEventsViewModel.swift; sourceTree = "<group>"; };
		21FBF807258D059500B3A3ED /* EventsViewModel.swift */ = {isa = PBXFileReference; lastKnownFileType = sourcecode.swift; path = EventsViewModel.swift; sourceTree = "<group>"; };
		411C646ACD8CBCC62B74A8E0 /* Pods_Studs.framework */ = {isa = PBXFileReference; explicitFileType = wrapper.framework; includeInIndex = 0; path = Pods_Studs.framework; sourceTree = BUILT_PRODUCTS_DIR; };
		4258DFAF573F3F704DC461EC /* Pods-Studs.release.xcconfig */ = {isa = PBXFileReference; includeInIndex = 1; lastKnownFileType = text.xcconfig; name = "Pods-Studs.release.xcconfig"; path = "Pods/Target Support Files/Pods-Studs/Pods-Studs.release.xcconfig"; sourceTree = "<group>"; };
		7043D8313FC08D6AD6CBA421 /* Pods-StudsWidgetExtension.debug.xcconfig */ = {isa = PBXFileReference; includeInIndex = 1; lastKnownFileType = text.xcconfig; name = "Pods-StudsWidgetExtension.debug.xcconfig"; path = "Pods/Target Support Files/Pods-StudsWidgetExtension/Pods-StudsWidgetExtension.debug.xcconfig"; sourceTree = "<group>"; };
		82E0B1C3F6BEE22DCE3E6D08 /* Pods_StudsWidgetExtension.framework */ = {isa = PBXFileReference; explicitFileType = wrapper.framework; includeInIndex = 0; path = Pods_StudsWidgetExtension.framework; sourceTree = BUILT_PRODUCTS_DIR; };
		8B1440AA22202F0E00AE767B /* EventCellViewModel.swift */ = {isa = PBXFileReference; lastKnownFileType = sourcecode.swift; name = EventCellViewModel.swift; path = Studs/Events/ViewModels/EventCellViewModel.swift; sourceTree = SOURCE_ROOT; };
		8B1440AC2220322400AE767B /* PrivateEventsViewModel.swift */ = {isa = PBXFileReference; lastKnownFileType = sourcecode.swift; path = PrivateEventsViewModel.swift; sourceTree = "<group>"; };
		8B1440AE2221772D00AE767B /* LoginView.storyboard */ = {isa = PBXFileReference; lastKnownFileType = file.storyboard; path = LoginView.storyboard; sourceTree = "<group>"; };
		8B1440B02221779C00AE767B /* LoginViewController.swift */ = {isa = PBXFileReference; lastKnownFileType = sourcecode.swift; path = LoginViewController.swift; sourceTree = "<group>"; };
		8B1440B32221831100AE767B /* Login.swift */ = {isa = PBXFileReference; lastKnownFileType = sourcecode.swift; path = Login.swift; sourceTree = "<group>"; };
		8B1440B5222183EB00AE767B /* LoginViewModel.swift */ = {isa = PBXFileReference; lastKnownFileType = sourcecode.swift; path = LoginViewModel.swift; sourceTree = "<group>"; };
		8B3936BC222C646F0032442F /* StudsButton.swift */ = {isa = PBXFileReference; lastKnownFileType = sourcecode.swift; path = StudsButton.swift; sourceTree = "<group>"; };
		8B63A3DA2210CD670098909F /* EventTableViewCell.swift */ = {isa = PBXFileReference; lastKnownFileType = sourcecode.swift; path = EventTableViewCell.swift; sourceTree = "<group>"; };
		8B8FC9E122301374000C7796 /* UserManager.swift */ = {isa = PBXFileReference; lastKnownFileType = sourcecode.swift; name = UserManager.swift; path = Studs/UserManager.swift; sourceTree = SOURCE_ROOT; };
		8BA00BD2221C08D70042351B /* EventDetailView.storyboard */ = {isa = PBXFileReference; lastKnownFileType = file.storyboard; path = EventDetailView.storyboard; sourceTree = "<group>"; };
		8BA9D4A322AD9FFA00EEEB7E /* UIImageView+Studs.swift */ = {isa = PBXFileReference; lastKnownFileType = sourcecode.swift; path = "UIImageView+Studs.swift"; sourceTree = "<group>"; };
		8BFE07DA2219C97000EFDD3B /* EventDetailViewController.swift */ = {isa = PBXFileReference; lastKnownFileType = sourcecode.swift; path = EventDetailViewController.swift; sourceTree = "<group>"; };
		8E3782EF2183B981004F083F /* Studs.app */ = {isa = PBXFileReference; explicitFileType = wrapper.application; includeInIndex = 0; path = Studs.app; sourceTree = BUILT_PRODUCTS_DIR; };
		8E3782F22183B981004F083F /* AppDelegate.swift */ = {isa = PBXFileReference; lastKnownFileType = sourcecode.swift; path = AppDelegate.swift; sourceTree = "<group>"; };
		8E3782F92183B982004F083F /* Assets.xcassets */ = {isa = PBXFileReference; lastKnownFileType = folder.assetcatalog; path = Assets.xcassets; sourceTree = "<group>"; };
		8E3782FE2183B982004F083F /* Info.plist */ = {isa = PBXFileReference; lastKnownFileType = text.plist.xml; path = Info.plist; sourceTree = "<group>"; };
		8E3783052183BB70004F083F /* UIColor+Studs.swift */ = {isa = PBXFileReference; lastKnownFileType = sourcecode.swift; path = "UIColor+Studs.swift"; sourceTree = "<group>"; };
		8E3783072183C3CF004F083F /* UIViewController+Studs.swift */ = {isa = PBXFileReference; lastKnownFileType = sourcecode.swift; path = "UIViewController+Studs.swift"; sourceTree = "<group>"; };
		8E3783092183C3F8004F083F /* UIStoryboard+Studs.swift */ = {isa = PBXFileReference; lastKnownFileType = sourcecode.swift; path = "UIStoryboard+Studs.swift"; sourceTree = "<group>"; };
		8E37830D2183C4EF004F083F /* ForgotPasswordView.storyboard */ = {isa = PBXFileReference; lastKnownFileType = file.storyboard; path = ForgotPasswordView.storyboard; sourceTree = "<group>"; };
		8E37830F2183C507004F083F /* ForgotPasswordViewController.swift */ = {isa = PBXFileReference; lastKnownFileType = sourcecode.swift; path = ForgotPasswordViewController.swift; sourceTree = "<group>"; };
		8EA641592184A1D300A138EB /* EventsView.storyboard */ = {isa = PBXFileReference; lastKnownFileType = file.storyboard; path = EventsView.storyboard; sourceTree = "<group>"; };
		8EA6415B2184A1E000A138EB /* EventsViewController.swift */ = {isa = PBXFileReference; lastKnownFileType = sourcecode.swift; path = EventsViewController.swift; sourceTree = "<group>"; };
		8EA6415D2184A3EE00A138EB /* Extensions+Studs.swift */ = {isa = PBXFileReference; lastKnownFileType = sourcecode.swift; path = "Extensions+Studs.swift"; sourceTree = "<group>"; };
		8EAC487A2184EB1B00BB36A2 /* StudsViewController.swift */ = {isa = PBXFileReference; lastKnownFileType = sourcecode.swift; path = StudsViewController.swift; sourceTree = "<group>"; };
		8EAC487D2184F00B00BB36A2 /* Event.swift */ = {isa = PBXFileReference; lastKnownFileType = sourcecode.swift; path = Event.swift; sourceTree = "<group>"; };
		8EAC48802184F23C00BB36A2 /* Http.swift */ = {isa = PBXFileReference; lastKnownFileType = sourcecode.swift; path = Http.swift; sourceTree = "<group>"; };
		E7E9EB68A4D845EFD74FB842 /* Pods-StudsWidgetExtension.release.xcconfig */ = {isa = PBXFileReference; includeInIndex = 1; lastKnownFileType = text.xcconfig; name = "Pods-StudsWidgetExtension.release.xcconfig"; path = "Pods/Target Support Files/Pods-StudsWidgetExtension/Pods-StudsWidgetExtension.release.xcconfig"; sourceTree = "<group>"; };
		FB946C463E92B1FCC7943374 /* Pods-Studs.debug.xcconfig */ = {isa = PBXFileReference; includeInIndex = 1; lastKnownFileType = text.xcconfig; name = "Pods-Studs.debug.xcconfig"; path = "Pods/Target Support Files/Pods-Studs/Pods-Studs.debug.xcconfig"; sourceTree = "<group>"; };
/* End PBXFileReference section */

/* Begin PBXFrameworksBuildPhase section */
		211E49FA25F16393007A497D /* Frameworks */ = {
			isa = PBXFrameworksBuildPhase;
			buildActionMask = 2147483647;
			files = (
				211E4A0125F16393007A497D /* SwiftUI.framework in Frameworks */,
				211E49FF25F16393007A497D /* WidgetKit.framework in Frameworks */,
				FEBD1777AEC94B51BDEF75E7 /* Pods_StudsWidgetExtension.framework in Frameworks */,
			);
			runOnlyForDeploymentPostprocessing = 0;
		};
		8E3782EC2183B981004F083F /* Frameworks */ = {
			isa = PBXFrameworksBuildPhase;
			buildActionMask = 2147483647;
			files = (
				1B0D56B156D33BC6C61DBD27 /* Pods_Studs.framework in Frameworks */,
				212E4B1A2613A515008B070E /* MapKit.framework in Frameworks */,
				31FE112A0A2845F80DC2E520 /* (null) in Frameworks */,
			);
			runOnlyForDeploymentPostprocessing = 0;
		};
/* End PBXFrameworksBuildPhase section */

/* Begin PBXGroup section */
		211E4A0225F16393007A497D /* StudsWidget */ = {
			isa = PBXGroup;
			children = (
				21E5B20725F1870600DC3BD8 /* WidgetView.swift */,
				211E4A0325F16393007A497D /* StudsWidget.swift */,
				21B8175B25FABA7600D78E3E /* StudsWidget.intentdefinition */,
				211E4A0625F16395007A497D /* Assets.xcassets */,
				211E4A0825F16395007A497D /* Info.plist */,
			);
			path = StudsWidget;
			sourceTree = "<group>";
		};
		2175BF88258661CB001556FC /* ViewControllers */ = {
			isa = PBXGroup;
			children = (
				2175BF8A2586634B001556FC /* ProfileVC.swift */,
			);
			path = ViewControllers;
			sourceTree = "<group>";
		};
		2175BF9325866C3D001556FC /* Models */ = {
			isa = PBXGroup;
			children = (
				8EAC487D2184F00B00BB36A2 /* Event.swift */,
				2175BF9425866C4C001556FC /* Company.swift */,
				8B1440B32221831100AE767B /* Login.swift */,
				2175BF9825866C52001556FC /* User.swift */,
				2175BF9B2587B32E001556FC /* GraphQLResponse.swift */,
				212E4AF9261364BA008B070E /* Happening.swift */,
				212E4AFD261369A5008B070E /* GeoJSON.swift */,
			);
			path = Models;
			sourceTree = "<group>";
		};
		21A7BACC25825FF0004D5D54 /* Views */ = {
			isa = PBXGroup;
			children = (
				212E4AF12613250D008B070E /* HappeningsMainView.storyboard */,
			);
			path = Views;
			sourceTree = "<group>";
		};
		21A7BACD25826035004D5D54 /* ViewControllers */ = {
			isa = PBXGroup;
			children = (
				212E4AF52613251A008B070E /* HappeningsMainVC.swift */,
				212E4B0D26136E22008B070E /* MapSubview.swift */,
				212E4B1126136E3D008B070E /* HappeningsSubview.swift */,
				212E4B1526136ED8008B070E /* ListSubview.swift */,
			);
			path = ViewControllers;
			sourceTree = "<group>";
		};
		21AC1A862598D24700FD4230 /* ViewControllers */ = {
			isa = PBXGroup;
			children = (
				8B1440B02221779C00AE767B /* LoginViewController.swift */,
				8E37830F2183C507004F083F /* ForgotPasswordViewController.swift */,
			);
			path = ViewControllers;
			sourceTree = "<group>";
		};
		21FBF802258D03F700B3A3ED /* ViewControllers */ = {
			isa = PBXGroup;
			children = (
				8BFE07DA2219C97000EFDD3B /* EventDetailViewController.swift */,
				8EA6415B2184A1E000A138EB /* EventsViewController.swift */,
				8B63A3DA2210CD670098909F /* EventTableViewCell.swift */,
				215129CA25EE530B00464134 /* EventTableCardViewCell.swift */,
			);
			path = ViewControllers;
			sourceTree = "<group>";
		};
		8E3782E62183B981004F083F = {
			isa = PBXGroup;
			children = (
				212E4AE826131CF3008B070E /* StudsWidgetExtension.entitlements */,
				211E4A1425F16BFB007A497D /* StudsDataModel.xcdatamodeld */,
				8E3782F12183B981004F083F /* Studs */,
				211E4A0225F16393007A497D /* StudsWidget */,
				8E3782F02183B981004F083F /* Products */,
				E367E0B3B100618CA945B265 /* Pods */,
				BC11AD05E604EAD26081389A /* Frameworks */,
			);
			sourceTree = "<group>";
		};
		8E3782F02183B981004F083F /* Products */ = {
			isa = PBXGroup;
			children = (
				8E3782EF2183B981004F083F /* Studs.app */,
				211E49FD25F16393007A497D /* StudsWidgetExtension.appex */,
			);
			name = Products;
			sourceTree = "<group>";
		};
		8E3782F12183B981004F083F /* Studs */ = {
			isa = PBXGroup;
			children = (
				217FE31E25FA27970005713D /* Studs.entitlements */,
				2175BF9325866C3D001556FC /* Models */,
				8E3782F22183B981004F083F /* AppDelegate.swift */,
				8EAC487F2184F1C300BB36A2 /* Network */,
				8EA641582184A1BE00A138EB /* Events */,
				8EAC48682184BA9400BB36A2 /* Happenings */,
				8EAC48692184BA9F00BB36A2 /* Profile */,
				8E37830C2183C4DE004F083F /* Login */,
				8E37830B2183C485004F083F /* Supporting Files */,
				8E3783042183BB63004F083F /* Extensions */,
				8E3782F92183B982004F083F /* Assets.xcassets */,
				8E3782FE2183B982004F083F /* Info.plist */,
				8EAC487A2184EB1B00BB36A2 /* StudsViewController.swift */,
				8B8FC9E122301374000C7796 /* UserManager.swift */,
			);
			path = Studs;
			sourceTree = "<group>";
		};
		8E3783042183BB63004F083F /* Extensions */ = {
			isa = PBXGroup;
			children = (
				8E3783052183BB70004F083F /* UIColor+Studs.swift */,
				8E3783072183C3CF004F083F /* UIViewController+Studs.swift */,
				8E3783092183C3F8004F083F /* UIStoryboard+Studs.swift */,
				8EA6415D2184A3EE00A138EB /* Extensions+Studs.swift */,
				8BA9D4A322AD9FFA00EEEB7E /* UIImageView+Studs.swift */,
				2175BFB52588D269001556FC /* UIImage+Studs.swift */,
				215129CD25EE9A9200464134 /* Image+Studs.swift */,
				217FE32125FA29860005713D /* UserDefaults+Studs.swift */,
				212E4AE126131993008B070E /* Date+Studs.swift */,
			);
			path = Extensions;
			sourceTree = "<group>";
		};
		8E37830B2183C485004F083F /* Supporting Files */ = {
			isa = PBXGroup;
			children = (
				8B3936BC222C646F0032442F /* StudsButton.swift */,
				21B8175225FABA4100D78E3E /* LaunchScreen.storyboard */,
				211E49F525F00B41007A497D /* UITableCellHoster.swift */,
			);
			path = "Supporting Files";
			sourceTree = "<group>";
		};
		8E37830C2183C4DE004F083F /* Login */ = {
			isa = PBXGroup;
			children = (
				21AC1A862598D24700FD4230 /* ViewControllers */,
				8EAC48652184BA3600BB36A2 /* ViewModels */,
				8EAC48642184BA2700BB36A2 /* Views */,
			);
			path = Login;
			sourceTree = "<group>";
		};
		8EA641582184A1BE00A138EB /* Events */ = {
			isa = PBXGroup;
			children = (
				21FBF802258D03F700B3A3ED /* ViewControllers */,
				8EAC48662184BA6200BB36A2 /* Views */,
				8EAC48672184BA6700BB36A2 /* ViewModels */,
			);
			path = Events;
			sourceTree = "<group>";
		};
		8EAC48642184BA2700BB36A2 /* Views */ = {
			isa = PBXGroup;
			children = (
				8E37830D2183C4EF004F083F /* ForgotPasswordView.storyboard */,
				8B1440AE2221772D00AE767B /* LoginView.storyboard */,
			);
			path = Views;
			sourceTree = "<group>";
		};
		8EAC48652184BA3600BB36A2 /* ViewModels */ = {
			isa = PBXGroup;
			children = (
				8B1440B5222183EB00AE767B /* LoginViewModel.swift */,
			);
			path = ViewModels;
			sourceTree = "<group>";
		};
		8EAC48662184BA6200BB36A2 /* Views */ = {
			isa = PBXGroup;
			children = (
				8EA641592184A1D300A138EB /* EventsView.storyboard */,
				8BA00BD2221C08D70042351B /* EventDetailView.storyboard */,
			);
			path = Views;
			sourceTree = "<group>";
		};
		8EAC48672184BA6700BB36A2 /* ViewModels */ = {
			isa = PBXGroup;
			children = (
				8B1440AA22202F0E00AE767B /* EventCellViewModel.swift */,
				8B1440AC2220322400AE767B /* PrivateEventsViewModel.swift */,
				21FBF804258D057C00B3A3ED /* PublicEventsViewModel.swift */,
				21FBF807258D059500B3A3ED /* EventsViewModel.swift */,
				215129C125EE46C500464134 /* EventSection.swift */,
			);
			path = ViewModels;
			sourceTree = "<group>";
		};
		8EAC48682184BA9400BB36A2 /* Happenings */ = {
			isa = PBXGroup;
			children = (
				21A7BACD25826035004D5D54 /* ViewControllers */,
				21A7BACC25825FF0004D5D54 /* Views */,
			);
			path = Happenings;
			sourceTree = "<group>";
		};
		8EAC48692184BA9F00BB36A2 /* Profile */ = {
			isa = PBXGroup;
			children = (
				2175BF88258661CB001556FC /* ViewControllers */,
				8EAC486C2184BACA00BB36A2 /* Views */,
			);
			path = Profile;
			sourceTree = "<group>";
		};
		8EAC486C2184BACA00BB36A2 /* Views */ = {
			isa = PBXGroup;
			children = (
				2175BF86258661C6001556FC /* Profile.storyboard */,
			);
			path = Views;
			sourceTree = "<group>";
		};
		8EAC487F2184F1C300BB36A2 /* Network */ = {
			isa = PBXGroup;
			children = (
				8EAC48802184F23C00BB36A2 /* Http.swift */,
				2175BF8F2586664B001556FC /* GraphQLFields.swift */,
			);
			path = Network;
			sourceTree = "<group>";
		};
		BC11AD05E604EAD26081389A /* Frameworks */ = {
			isa = PBXGroup;
			children = (
				212E4B192613A515008B070E /* MapKit.framework */,
				411C646ACD8CBCC62B74A8E0 /* Pods_Studs.framework */,
				211E49FE25F16393007A497D /* WidgetKit.framework */,
				211E4A0025F16393007A497D /* SwiftUI.framework */,
				82E0B1C3F6BEE22DCE3E6D08 /* Pods_StudsWidgetExtension.framework */,
			);
			name = Frameworks;
			sourceTree = "<group>";
		};
		E367E0B3B100618CA945B265 /* Pods */ = {
			isa = PBXGroup;
			children = (
				FB946C463E92B1FCC7943374 /* Pods-Studs.debug.xcconfig */,
				4258DFAF573F3F704DC461EC /* Pods-Studs.release.xcconfig */,
				7043D8313FC08D6AD6CBA421 /* Pods-StudsWidgetExtension.debug.xcconfig */,
				E7E9EB68A4D845EFD74FB842 /* Pods-StudsWidgetExtension.release.xcconfig */,
			);
			name = Pods;
			sourceTree = "<group>";
		};
/* End PBXGroup section */

/* Begin PBXNativeTarget section */
		211E49FC25F16393007A497D /* StudsWidgetExtension */ = {
			isa = PBXNativeTarget;
			buildConfigurationList = 211E4A0E25F16395007A497D /* Build configuration list for PBXNativeTarget "StudsWidgetExtension" */;
			buildPhases = (
				4FD0B59E91A214BB3AED3D7E /* [CP] Check Pods Manifest.lock */,
				211E49F925F16393007A497D /* Sources */,
				211E49FA25F16393007A497D /* Frameworks */,
				211E49FB25F16393007A497D /* Resources */,
			);
			buildRules = (
			);
			dependencies = (
			);
			name = StudsWidgetExtension;
			productName = StudsWidgetExtension;
			productReference = 211E49FD25F16393007A497D /* StudsWidgetExtension.appex */;
			productType = "com.apple.product-type.app-extension";
		};
		8E3782EE2183B981004F083F /* Studs */ = {
			isa = PBXNativeTarget;
			buildConfigurationList = 8E3783012183B982004F083F /* Build configuration list for PBXNativeTarget "Studs" */;
			buildPhases = (
				0A67B51AFA82750629E5B784 /* [CP] Check Pods Manifest.lock */,
				8E3782EB2183B981004F083F /* Sources */,
				8E3782EC2183B981004F083F /* Frameworks */,
				8E3782ED2183B981004F083F /* Resources */,
				18AA4DC56A32B21FAE48B8AF /* [CP] Embed Pods Frameworks */,
				8EDC6C802187A2B500EEA05B /* ShellScript */,
				211E4A1125F16395007A497D /* Embed App Extensions */,
			);
			buildRules = (
			);
			dependencies = (
				211E4A0C25F16395007A497D /* PBXTargetDependency */,
			);
			name = Studs;
			productName = Studs;
			productReference = 8E3782EF2183B981004F083F /* Studs.app */;
			productType = "com.apple.product-type.application";
		};
/* End PBXNativeTarget section */

/* Begin PBXProject section */
		8E3782E72183B981004F083F /* Project object */ = {
			isa = PBXProject;
			attributes = {
				LastSwiftUpdateCheck = 1220;
				LastUpgradeCheck = 1220;
				ORGANIZATIONNAME = Studieresan;
				TargetAttributes = {
					211E49FC25F16393007A497D = {
						CreatedOnToolsVersion = 12.2;
					};
					8E3782EE2183B981004F083F = {
						CreatedOnToolsVersion = 10.0;
					};
				};
			};
			buildConfigurationList = 8E3782EA2183B981004F083F /* Build configuration list for PBXProject "Studs" */;
			compatibilityVersion = "Xcode 9.3";
			developmentRegion = en;
			hasScannedForEncodings = 0;
			knownRegions = (
				en,
				Base,
				sv,
			);
			mainGroup = 8E3782E62183B981004F083F;
			productRefGroup = 8E3782F02183B981004F083F /* Products */;
			projectDirPath = "";
			projectRoot = "";
			targets = (
				8E3782EE2183B981004F083F /* Studs */,
				211E49FC25F16393007A497D /* StudsWidgetExtension */,
			);
		};
/* End PBXProject section */

/* Begin PBXResourcesBuildPhase section */
		211E49FB25F16393007A497D /* Resources */ = {
			isa = PBXResourcesBuildPhase;
			buildActionMask = 2147483647;
			files = (
				21E0F85725F18C3B0057DEB1 /* Assets.xcassets in Resources */,
				211E4A0725F16395007A497D /* Assets.xcassets in Resources */,
			);
			runOnlyForDeploymentPostprocessing = 0;
		};
		8E3782ED2183B981004F083F /* Resources */ = {
			isa = PBXResourcesBuildPhase;
			buildActionMask = 2147483647;
			files = (
				21B8175025FABA4100D78E3E /* LaunchScreen.storyboard in Resources */,
				212E4AF22613250D008B070E /* HappeningsMainView.storyboard in Resources */,
				8B1440AF2221772D00AE767B /* LoginView.storyboard in Resources */,
				2175BF87258661C6001556FC /* Profile.storyboard in Resources */,
				8E37830E2183C4EF004F083F /* ForgotPasswordView.storyboard in Resources */,
				8EA6415A2184A1D300A138EB /* EventsView.storyboard in Resources */,
				8E3782FA2183B982004F083F /* Assets.xcassets in Resources */,
				8BA00BD3221C08D70042351B /* EventDetailView.storyboard in Resources */,
			);
			runOnlyForDeploymentPostprocessing = 0;
		};
/* End PBXResourcesBuildPhase section */

/* Begin PBXShellScriptBuildPhase section */
		0A67B51AFA82750629E5B784 /* [CP] Check Pods Manifest.lock */ = {
			isa = PBXShellScriptBuildPhase;
			buildActionMask = 2147483647;
			files = (
			);
			inputFileListPaths = (
			);
			inputPaths = (
				"${PODS_PODFILE_DIR_PATH}/Podfile.lock",
				"${PODS_ROOT}/Manifest.lock",
			);
			name = "[CP] Check Pods Manifest.lock";
			outputFileListPaths = (
			);
			outputPaths = (
				"$(DERIVED_FILE_DIR)/Pods-Studs-checkManifestLockResult.txt",
			);
			runOnlyForDeploymentPostprocessing = 0;
			shellPath = /bin/sh;
			shellScript = "diff \"${PODS_PODFILE_DIR_PATH}/Podfile.lock\" \"${PODS_ROOT}/Manifest.lock\" > /dev/null\nif [ $? != 0 ] ; then\n    # print error to STDERR\n    echo \"error: The sandbox is not in sync with the Podfile.lock. Run 'pod install' or update your CocoaPods installation.\" >&2\n    exit 1\nfi\n# This output is used by Xcode 'outputs' to avoid re-running this script phase.\necho \"SUCCESS\" > \"${SCRIPT_OUTPUT_FILE_0}\"\n";
			showEnvVarsInLog = 0;
		};
		18AA4DC56A32B21FAE48B8AF /* [CP] Embed Pods Frameworks */ = {
			isa = PBXShellScriptBuildPhase;
			buildActionMask = 2147483647;
			files = (
			);
			inputFileListPaths = (
				"${PODS_ROOT}/Target Support Files/Pods-Studs/Pods-Studs-frameworks-${CONFIGURATION}-input-files.xcfilelist",
			);
			name = "[CP] Embed Pods Frameworks";
			outputFileListPaths = (
				"${PODS_ROOT}/Target Support Files/Pods-Studs/Pods-Studs-frameworks-${CONFIGURATION}-output-files.xcfilelist",
			);
			runOnlyForDeploymentPostprocessing = 0;
			shellPath = /bin/sh;
			shellScript = "\"${PODS_ROOT}/Target Support Files/Pods-Studs/Pods-Studs-frameworks.sh\"\n";
			showEnvVarsInLog = 0;
		};
		4FD0B59E91A214BB3AED3D7E /* [CP] Check Pods Manifest.lock */ = {
			isa = PBXShellScriptBuildPhase;
			buildActionMask = 2147483647;
			files = (
			);
			inputFileListPaths = (
			);
			inputPaths = (
				"${PODS_PODFILE_DIR_PATH}/Podfile.lock",
				"${PODS_ROOT}/Manifest.lock",
			);
			name = "[CP] Check Pods Manifest.lock";
			outputFileListPaths = (
			);
			outputPaths = (
				"$(DERIVED_FILE_DIR)/Pods-StudsWidgetExtension-checkManifestLockResult.txt",
			);
			runOnlyForDeploymentPostprocessing = 0;
			shellPath = /bin/sh;
			shellScript = "diff \"${PODS_PODFILE_DIR_PATH}/Podfile.lock\" \"${PODS_ROOT}/Manifest.lock\" > /dev/null\nif [ $? != 0 ] ; then\n    # print error to STDERR\n    echo \"error: The sandbox is not in sync with the Podfile.lock. Run 'pod install' or update your CocoaPods installation.\" >&2\n    exit 1\nfi\n# This output is used by Xcode 'outputs' to avoid re-running this script phase.\necho \"SUCCESS\" > \"${SCRIPT_OUTPUT_FILE_0}\"\n";
			showEnvVarsInLog = 0;
		};
		8EDC6C802187A2B500EEA05B /* ShellScript */ = {
			isa = PBXShellScriptBuildPhase;
			buildActionMask = 2147483647;
			files = (
			);
			inputFileListPaths = (
			);
			inputPaths = (
			);
			outputFileListPaths = (
			);
			outputPaths = (
			);
			runOnlyForDeploymentPostprocessing = 0;
			shellPath = /bin/sh;
			shellScript = "# Type a script or drag a script file from your workspace to insert its path.\n${PODS_ROOT}/SwiftLint/swiftlint\n";
		};
/* End PBXShellScriptBuildPhase section */

/* Begin PBXSourcesBuildPhase section */
		211E49F925F16393007A497D /* Sources */ = {
			isa = PBXSourcesBuildPhase;
			buildActionMask = 2147483647;
			files = (
				212E4AE526131B09008B070E /* Date+Studs.swift in Sources */,
				21B8175925FABA7600D78E3E /* StudsWidget.intentdefinition in Sources */,
				21E5B1B925F1762B00DC3BD8 /* Http.swift in Sources */,
				21E5B1C325F1763300DC3BD8 /* Company.swift in Sources */,
				212E4B0726136D08008B070E /* Happening.swift in Sources */,
				21E5B1BC25F1762E00DC3BD8 /* GraphQLFields.swift in Sources */,
				217FE32525FA2A2C0005713D /* UserDefaults+Studs.swift in Sources */,
				212E4B0A26136D13008B070E /* GeoJSON.swift in Sources */,
				211E4A0425F16393007A497D /* StudsWidget.swift in Sources */,
				21E0F85425F18C070057DEB1 /* Image+Studs.swift in Sources */,
				21E5B1C025F1763300DC3BD8 /* Event.swift in Sources */,
				21E5B20F25F1875000DC3BD8 /* WidgetView.swift in Sources */,
				211E4A1925F16C07007A497D /* StudsDataModel.xcdatamodeld in Sources */,
				21E5B1C225F1763300DC3BD8 /* GraphQLResponse.swift in Sources */,
				21E5B1DB25F177FD00DC3BD8 /* UserManager.swift in Sources */,
				21E5B1DE25F1782300DC3BD8 /* Login.swift in Sources */,
				21E5B1C125F1763300DC3BD8 /* User.swift in Sources */,
			);
			runOnlyForDeploymentPostprocessing = 0;
		};
		8E3782EB2183B981004F083F /* Sources */ = {
			isa = PBXSourcesBuildPhase;
			buildActionMask = 2147483647;
			files = (
				2175BF9925866C52001556FC /* User.swift in Sources */,
				8B63A3DB2210CD670098909F /* EventTableViewCell.swift in Sources */,
				212E4AFA261364BA008B070E /* Happening.swift in Sources */,
				2175BF8B2586634B001556FC /* ProfileVC.swift in Sources */,
				212E4B1226136E3D008B070E /* HappeningsSubview.swift in Sources */,
				8B1440AD2220322400AE767B /* PrivateEventsViewModel.swift in Sources */,
				212E4AFE261369A5008B070E /* GeoJSON.swift in Sources */,
				8B1440B42221831100AE767B /* Login.swift in Sources */,
				8E37830A2183C3F8004F083F /* UIStoryboard+Studs.swift in Sources */,
				8BA9D4A422AD9FFA00EEEB7E /* UIImageView+Studs.swift in Sources */,
				8EAC487E2184F00B00BB36A2 /* Event.swift in Sources */,
				8B1440AB22202F0E00AE767B /* EventCellViewModel.swift in Sources */,
				2175BF9525866C4C001556FC /* Company.swift in Sources */,
				8EA6415C2184A1E000A138EB /* EventsViewController.swift in Sources */,
				21FBF805258D057C00B3A3ED /* PublicEventsViewModel.swift in Sources */,
				8E3783062183BB70004F083F /* UIColor+Studs.swift in Sources */,
				215129CE25EE9A9200464134 /* Image+Studs.swift in Sources */,
				8E3783102183C507004F083F /* ForgotPasswordViewController.swift in Sources */,
				2175BFB62588D269001556FC /* UIImage+Studs.swift in Sources */,
				211E49F625F00B41007A497D /* UITableCellHoster.swift in Sources */,
				212E4AE226131993008B070E /* Date+Studs.swift in Sources */,
				21FBF808258D059500B3A3ED /* EventsViewModel.swift in Sources */,
				212E4AF62613251A008B070E /* HappeningsMainVC.swift in Sources */,
				2175BF902586664B001556FC /* GraphQLFields.swift in Sources */,
				2175BF9C2587B32E001556FC /* GraphQLResponse.swift in Sources */,
				8B8FC9E222301374000C7796 /* UserManager.swift in Sources */,
				21B8175825FABA7600D78E3E /* StudsWidget.intentdefinition in Sources */,
				8EAC487B2184EB1B00BB36A2 /* StudsViewController.swift in Sources */,
				8EA6415E2184A3EE00A138EB /* Extensions+Studs.swift in Sources */,
				215129C225EE46C500464134 /* EventSection.swift in Sources */,
				8E3783082183C3CF004F083F /* UIViewController+Studs.swift in Sources */,
				212E4B0E26136E22008B070E /* MapSubview.swift in Sources */,
				8EAC48812184F23C00BB36A2 /* Http.swift in Sources */,
				217FE32225FA29860005713D /* UserDefaults+Studs.swift in Sources */,
				8B1440B12221779C00AE767B /* LoginViewController.swift in Sources */,
				8B3936BD222C64700032442F /* StudsButton.swift in Sources */,
				211E4A1625F16BFB007A497D /* StudsDataModel.xcdatamodeld in Sources */,
				8E3782F32183B981004F083F /* AppDelegate.swift in Sources */,
				8BFE07DB2219C97000EFDD3B /* EventDetailViewController.swift in Sources */,
				212E4B1626136ED8008B070E /* ListSubview.swift in Sources */,
				215129CB25EE530B00464134 /* EventTableCardViewCell.swift in Sources */,
				8B1440B6222183EB00AE767B /* LoginViewModel.swift in Sources */,
			);
			runOnlyForDeploymentPostprocessing = 0;
		};
/* End PBXSourcesBuildPhase section */

/* Begin PBXTargetDependency section */
		211E4A0C25F16395007A497D /* PBXTargetDependency */ = {
			isa = PBXTargetDependency;
			target = 211E49FC25F16393007A497D /* StudsWidgetExtension */;
			targetProxy = 211E4A0B25F16395007A497D /* PBXContainerItemProxy */;
		};
/* End PBXTargetDependency section */

/* Begin PBXVariantGroup section */
		21B8175225FABA4100D78E3E /* LaunchScreen.storyboard */ = {
			isa = PBXVariantGroup;
			children = (
				21B8175125FABA4100D78E3E /* Base */,
				21B8175525FABA4B00D78E3E /* sv */,
			);
			name = LaunchScreen.storyboard;
			sourceTree = "<group>";
		};
		21B8175B25FABA7600D78E3E /* StudsWidget.intentdefinition */ = {
			isa = PBXVariantGroup;
			children = (
				21B8175A25FABA7600D78E3E /* Base */,
				21B8175F25FABA7A00D78E3E /* sv */,
			);
			name = StudsWidget.intentdefinition;
			sourceTree = "<group>";
		};
/* End PBXVariantGroup section */

/* Begin XCBuildConfiguration section */
		211E4A0F25F16395007A497D /* Debug */ = {
			isa = XCBuildConfiguration;
			baseConfigurationReference = 7043D8313FC08D6AD6CBA421 /* Pods-StudsWidgetExtension.debug.xcconfig */;
			buildSettings = {
				ASSETCATALOG_COMPILER_GLOBAL_ACCENT_COLOR_NAME = AccentColor;
				ASSETCATALOG_COMPILER_WIDGET_BACKGROUND_COLOR_NAME = WidgetBackground;
				CODE_SIGN_ENTITLEMENTS = StudsWidgetExtension.entitlements;
				CODE_SIGN_IDENTITY = "iPhone Developer";
				CODE_SIGN_STYLE = Automatic;
				CURRENT_PROJECT_VERSION = 6;
				DEVELOPMENT_TEAM = P3V9ZDGSU4;
				ENABLE_BITCODE = YES;
				INFOPLIST_FILE = StudsWidget/Info.plist;
				IPHONEOS_DEPLOYMENT_TARGET = 14.2;
				LD_RUNPATH_SEARCH_PATHS = (
					"$(inherited)",
					"@executable_path/Frameworks",
					"@executable_path/../../Frameworks",
				);
				MARKETING_VERSION = 2.1;
				PRODUCT_BUNDLE_IDENTIFIER = se.studieresan.Studieresan.StudsWidget;
				PRODUCT_NAME = "$(TARGET_NAME)";
				SKIP_INSTALL = YES;
				SWIFT_VERSION = 5.0;
				TARGETED_DEVICE_FAMILY = "1,2";
			};
			name = Debug;
		};
		211E4A1025F16395007A497D /* Release */ = {
			isa = XCBuildConfiguration;
			baseConfigurationReference = E7E9EB68A4D845EFD74FB842 /* Pods-StudsWidgetExtension.release.xcconfig */;
			buildSettings = {
				ASSETCATALOG_COMPILER_GLOBAL_ACCENT_COLOR_NAME = AccentColor;
				ASSETCATALOG_COMPILER_WIDGET_BACKGROUND_COLOR_NAME = WidgetBackground;
				CODE_SIGN_ENTITLEMENTS = StudsWidgetExtension.entitlements;
				CODE_SIGN_IDENTITY = "iPhone Developer";
				CODE_SIGN_STYLE = Automatic;
				CURRENT_PROJECT_VERSION = 6;
				DEVELOPMENT_TEAM = P3V9ZDGSU4;
				ENABLE_BITCODE = YES;
				INFOPLIST_FILE = StudsWidget/Info.plist;
				IPHONEOS_DEPLOYMENT_TARGET = 14.2;
				LD_RUNPATH_SEARCH_PATHS = (
					"$(inherited)",
					"@executable_path/Frameworks",
					"@executable_path/../../Frameworks",
				);
				MARKETING_VERSION = 2.1;
				PRODUCT_BUNDLE_IDENTIFIER = se.studieresan.Studieresan.StudsWidget;
				PRODUCT_NAME = "$(TARGET_NAME)";
				SKIP_INSTALL = YES;
				SWIFT_VERSION = 5.0;
				TARGETED_DEVICE_FAMILY = "1,2";
			};
			name = Release;
		};
		8E3782FF2183B982004F083F /* Debug */ = {
			isa = XCBuildConfiguration;
			buildSettings = {
				ALWAYS_SEARCH_USER_PATHS = NO;
				CLANG_ANALYZER_NONNULL = YES;
				CLANG_ANALYZER_NUMBER_OBJECT_CONVERSION = YES_AGGRESSIVE;
				CLANG_CXX_LANGUAGE_STANDARD = "gnu++14";
				CLANG_CXX_LIBRARY = "libc++";
				CLANG_ENABLE_MODULES = YES;
				CLANG_ENABLE_OBJC_ARC = YES;
				CLANG_ENABLE_OBJC_WEAK = YES;
				CLANG_WARN_BLOCK_CAPTURE_AUTORELEASING = YES;
				CLANG_WARN_BOOL_CONVERSION = YES;
				CLANG_WARN_COMMA = YES;
				CLANG_WARN_CONSTANT_CONVERSION = YES;
				CLANG_WARN_DEPRECATED_OBJC_IMPLEMENTATIONS = YES;
				CLANG_WARN_DIRECT_OBJC_ISA_USAGE = YES_ERROR;
				CLANG_WARN_DOCUMENTATION_COMMENTS = YES;
				CLANG_WARN_EMPTY_BODY = YES;
				CLANG_WARN_ENUM_CONVERSION = YES;
				CLANG_WARN_INFINITE_RECURSION = YES;
				CLANG_WARN_INT_CONVERSION = YES;
				CLANG_WARN_NON_LITERAL_NULL_CONVERSION = YES;
				CLANG_WARN_OBJC_IMPLICIT_RETAIN_SELF = YES;
				CLANG_WARN_OBJC_LITERAL_CONVERSION = YES;
				CLANG_WARN_OBJC_ROOT_CLASS = YES_ERROR;
				CLANG_WARN_QUOTED_INCLUDE_IN_FRAMEWORK_HEADER = YES;
				CLANG_WARN_RANGE_LOOP_ANALYSIS = YES;
				CLANG_WARN_STRICT_PROTOTYPES = YES;
				CLANG_WARN_SUSPICIOUS_MOVE = YES;
				CLANG_WARN_UNGUARDED_AVAILABILITY = YES_AGGRESSIVE;
				CLANG_WARN_UNREACHABLE_CODE = YES;
				CLANG_WARN__DUPLICATE_METHOD_MATCH = YES;
				CODE_SIGN_IDENTITY = "iPhone Developer";
				COPY_PHASE_STRIP = NO;
				DEBUG_INFORMATION_FORMAT = dwarf;
				ENABLE_STRICT_OBJC_MSGSEND = YES;
				ENABLE_TESTABILITY = YES;
				GCC_C_LANGUAGE_STANDARD = gnu11;
				GCC_DYNAMIC_NO_PIC = NO;
				GCC_NO_COMMON_BLOCKS = YES;
				GCC_OPTIMIZATION_LEVEL = 0;
				GCC_PREPROCESSOR_DEFINITIONS = (
					"DEBUG=1",
					"$(inherited)",
				);
				GCC_WARN_64_TO_32_BIT_CONVERSION = YES;
				GCC_WARN_ABOUT_RETURN_TYPE = YES_ERROR;
				GCC_WARN_UNDECLARED_SELECTOR = YES;
				GCC_WARN_UNINITIALIZED_AUTOS = YES_AGGRESSIVE;
				GCC_WARN_UNUSED_FUNCTION = YES;
				GCC_WARN_UNUSED_VARIABLE = YES;
				IPHONEOS_DEPLOYMENT_TARGET = 12.0;
				MTL_ENABLE_DEBUG_INFO = INCLUDE_SOURCE;
				MTL_FAST_MATH = YES;
				ONLY_ACTIVE_ARCH = YES;
				SDKROOT = iphoneos;
				SWIFT_ACTIVE_COMPILATION_CONDITIONS = DEBUG;
				SWIFT_OPTIMIZATION_LEVEL = "-Onone";
			};
			name = Debug;
		};
		8E3783002183B982004F083F /* Release */ = {
			isa = XCBuildConfiguration;
			buildSettings = {
				ALWAYS_SEARCH_USER_PATHS = NO;
				CLANG_ANALYZER_NONNULL = YES;
				CLANG_ANALYZER_NUMBER_OBJECT_CONVERSION = YES_AGGRESSIVE;
				CLANG_CXX_LANGUAGE_STANDARD = "gnu++14";
				CLANG_CXX_LIBRARY = "libc++";
				CLANG_ENABLE_MODULES = YES;
				CLANG_ENABLE_OBJC_ARC = YES;
				CLANG_ENABLE_OBJC_WEAK = YES;
				CLANG_WARN_BLOCK_CAPTURE_AUTORELEASING = YES;
				CLANG_WARN_BOOL_CONVERSION = YES;
				CLANG_WARN_COMMA = YES;
				CLANG_WARN_CONSTANT_CONVERSION = YES;
				CLANG_WARN_DEPRECATED_OBJC_IMPLEMENTATIONS = YES;
				CLANG_WARN_DIRECT_OBJC_ISA_USAGE = YES_ERROR;
				CLANG_WARN_DOCUMENTATION_COMMENTS = YES;
				CLANG_WARN_EMPTY_BODY = YES;
				CLANG_WARN_ENUM_CONVERSION = YES;
				CLANG_WARN_INFINITE_RECURSION = YES;
				CLANG_WARN_INT_CONVERSION = YES;
				CLANG_WARN_NON_LITERAL_NULL_CONVERSION = YES;
				CLANG_WARN_OBJC_IMPLICIT_RETAIN_SELF = YES;
				CLANG_WARN_OBJC_LITERAL_CONVERSION = YES;
				CLANG_WARN_OBJC_ROOT_CLASS = YES_ERROR;
				CLANG_WARN_QUOTED_INCLUDE_IN_FRAMEWORK_HEADER = YES;
				CLANG_WARN_RANGE_LOOP_ANALYSIS = YES;
				CLANG_WARN_STRICT_PROTOTYPES = YES;
				CLANG_WARN_SUSPICIOUS_MOVE = YES;
				CLANG_WARN_UNGUARDED_AVAILABILITY = YES_AGGRESSIVE;
				CLANG_WARN_UNREACHABLE_CODE = YES;
				CLANG_WARN__DUPLICATE_METHOD_MATCH = YES;
				CODE_SIGN_IDENTITY = "iPhone Developer";
				COPY_PHASE_STRIP = NO;
				DEBUG_INFORMATION_FORMAT = "dwarf-with-dsym";
				ENABLE_NS_ASSERTIONS = NO;
				ENABLE_STRICT_OBJC_MSGSEND = YES;
				GCC_C_LANGUAGE_STANDARD = gnu11;
				GCC_NO_COMMON_BLOCKS = YES;
				GCC_WARN_64_TO_32_BIT_CONVERSION = YES;
				GCC_WARN_ABOUT_RETURN_TYPE = YES_ERROR;
				GCC_WARN_UNDECLARED_SELECTOR = YES;
				GCC_WARN_UNINITIALIZED_AUTOS = YES_AGGRESSIVE;
				GCC_WARN_UNUSED_FUNCTION = YES;
				GCC_WARN_UNUSED_VARIABLE = YES;
				IPHONEOS_DEPLOYMENT_TARGET = 12.0;
				MTL_ENABLE_DEBUG_INFO = NO;
				MTL_FAST_MATH = YES;
				SDKROOT = iphoneos;
				SWIFT_COMPILATION_MODE = wholemodule;
				SWIFT_OPTIMIZATION_LEVEL = "-O";
				VALIDATE_PRODUCT = YES;
			};
			name = Release;
		};
		8E3783022183B982004F083F /* Debug */ = {
			isa = XCBuildConfiguration;
			baseConfigurationReference = FB946C463E92B1FCC7943374 /* Pods-Studs.debug.xcconfig */;
			buildSettings = {
				ALWAYS_EMBED_SWIFT_STANDARD_LIBRARIES = YES;
				API_BASE_URL = "https://studs-overlord.herokuapp.com";
				ASSETCATALOG_COMPILER_APPICON_NAME = AppIcon;
				CODE_SIGN_ENTITLEMENTS = Studs/Studs.entitlements;
				CODE_SIGN_STYLE = Automatic;
				CURRENT_PROJECT_VERSION = 6;
				DEVELOPMENT_TEAM = P3V9ZDGSU4;
				INFOPLIST_FILE = Studs/Info.plist;
				IPHONEOS_DEPLOYMENT_TARGET = 12.0;
				LD_RUNPATH_SEARCH_PATHS = (
					"$(inherited)",
					"@executable_path/Frameworks",
				);
				MARKETING_VERSION = 2.1;
				PRODUCT_BUNDLE_IDENTIFIER = se.studieresan.Studieresan;
				PRODUCT_NAME = "$(TARGET_NAME)";
				SWIFT_VERSION = 5.0;
				TARGETED_DEVICE_FAMILY = 1;
			};
			name = Debug;
		};
		8E3783032183B982004F083F /* Release */ = {
			isa = XCBuildConfiguration;
			baseConfigurationReference = 4258DFAF573F3F704DC461EC /* Pods-Studs.release.xcconfig */;
			buildSettings = {
				ALWAYS_EMBED_SWIFT_STANDARD_LIBRARIES = YES;
				API_BASE_URL = "https://studs-overlord.herokuapp.com";
				ASSETCATALOG_COMPILER_APPICON_NAME = AppIcon;
				CODE_SIGN_ENTITLEMENTS = Studs/Studs.entitlements;
				CODE_SIGN_STYLE = Automatic;
				CURRENT_PROJECT_VERSION = 6;
				DEVELOPMENT_TEAM = P3V9ZDGSU4;
				INFOPLIST_FILE = Studs/Info.plist;
				IPHONEOS_DEPLOYMENT_TARGET = 12.0;
				LD_RUNPATH_SEARCH_PATHS = (
					"$(inherited)",
					"@executable_path/Frameworks",
				);
				MARKETING_VERSION = 2.1;
				PRODUCT_BUNDLE_IDENTIFIER = se.studieresan.Studieresan;
				PRODUCT_NAME = "$(TARGET_NAME)";
				SWIFT_VERSION = 5.0;
				TARGETED_DEVICE_FAMILY = 1;
			};
			name = Release;
		};
/* End XCBuildConfiguration section */

/* Begin XCConfigurationList section */
		211E4A0E25F16395007A497D /* Build configuration list for PBXNativeTarget "StudsWidgetExtension" */ = {
			isa = XCConfigurationList;
			buildConfigurations = (
				211E4A0F25F16395007A497D /* Debug */,
				211E4A1025F16395007A497D /* Release */,
			);
			defaultConfigurationIsVisible = 0;
			defaultConfigurationName = Release;
		};
		8E3782EA2183B981004F083F /* Build configuration list for PBXProject "Studs" */ = {
			isa = XCConfigurationList;
			buildConfigurations = (
				8E3782FF2183B982004F083F /* Debug */,
				8E3783002183B982004F083F /* Release */,
			);
			defaultConfigurationIsVisible = 0;
			defaultConfigurationName = Release;
		};
		8E3783012183B982004F083F /* Build configuration list for PBXNativeTarget "Studs" */ = {
			isa = XCConfigurationList;
			buildConfigurations = (
				8E3783022183B982004F083F /* Debug */,
				8E3783032183B982004F083F /* Release */,
			);
			defaultConfigurationIsVisible = 0;
			defaultConfigurationName = Release;
		};
/* End XCConfigurationList section */

/* Begin XCVersionGroup section */
		211E4A1425F16BFB007A497D /* StudsDataModel.xcdatamodeld */ = {
			isa = XCVersionGroup;
			children = (
				211E4A1525F16BFB007A497D /* StudsDataModel.xcdatamodel */,
			);
			currentVersion = 211E4A1525F16BFB007A497D /* StudsDataModel.xcdatamodel */;
			path = StudsDataModel.xcdatamodeld;
			sourceTree = "<group>";
			versionGroupType = wrapper.xcdatamodel;
		};
/* End XCVersionGroup section */
	};
	rootObject = 8E3782E72183B981004F083F /* Project object */;
}
